
Microsoft Visual Studio Solution File, Format Version 12.00
# Visual Studio 2015
Project("{FAE04EC0-301F-11D3-BF4B-00C04F79EFBC}") = "Oh My!.CSharp", "Oh My!.CSharp.csproj", "{B0F84E47-6CC7-B6E2-B456-F98680423DCD}"
EndProject
Global
	GlobalSection(SolutionConfigurationPlatforms) = preSolution
		Debug|Any CPU = Debug|Any CPU
		Release|Any CPU = Release|Any CPU
	EndGlobalSection
	GlobalSection(ProjectConfigurationPlatforms) = postSolution
		{B0F84E47-6CC7-B6E2-B456-F98680423DCD}.Debug|Any CPU.ActiveCfg = Debug|Any CPU
		{B0F84E47-6CC7-B6E2-B456-F98680423DCD}.Debug|Any CPU.Build.0 = Debug|Any CPU
		{B0F84E47-6CC7-B6E2-B456-F98680423DCD}.Release|Any CPU.ActiveCfg = Release|Any CPU
		{B0F84E47-6CC7-B6E2-B456-F98680423DCD}.Release|Any CPU.Build.0 = Release|Any CPU
	EndGlobalSection
	GlobalSection(SolutionProperties) = preSolution
		HideSolutionNode = FALSE
	EndGlobalSection
EndGlobal
